// !$*UTF8*$!
{
	archiveVersion = 1;
	classes = {
	};
	objectVersion = 77;
	objects = {

/* Begin PBXBuildFile section */
		215B14ED2E004A1100DD5C3F /* StopwatchOnMac.swift in Sources */ = {isa = PBXBuildFile; fileRef = 215B14EB2E004A1100DD5C3F /* StopwatchOnMac.swift */; };
		215B14F22E00558200DD5C3F /* StopwatchWindowSupport.swift in Sources */ = {isa = PBXBuildFile; fileRef = 215B14F12E00558200DD5C3F /* StopwatchWindowSupport.swift */; };
		215B14F52E005E8500DD5C3F /* StopwatchButton.swift in Sources */ = {isa = PBXBuildFile; fileRef = 215B14F42E005E7C00DD5C3F /* StopwatchButton.swift */; };
		215B7FB92E00D54900BB5579 /* StopwatchHoverTarget.swift in Sources */ = {isa = PBXBuildFile; fileRef = 215B7FB82E00D52100BB5579 /* StopwatchHoverTarget.swift */; };
		216A280C2E2148140096D312 /* StopwatchTextField.swift in Sources */ = {isa = PBXBuildFile; fileRef = 216A280B2E21480C0096D312 /* StopwatchTextField.swift */; };
		217DB6312E00FDCE0013FBEB /* SWTabViewStrip.swift in Sources */ = {isa = PBXBuildFile; fileRef = 217DB6302E00FDCE0013FBEB /* SWTabViewStrip.swift */; };
		217DB6332E00FDE50013FBEB /* StopwatchTab.swift in Sources */ = {isa = PBXBuildFile; fileRef = 217DB6322E00FDE50013FBEB /* StopwatchTab.swift */; };
		2183FE042E00607D001C1D9D /* StopwatchAdaptiveCursor.swift in Sources */ = {isa = PBXBuildFile; fileRef = 2183FE032E006072001C1D9D /* StopwatchAdaptiveCursor.swift */; };
		219990892E4E8A4C0017C701 /* SWToolbarHostDebugInspector.swift in Sources */ = {isa = PBXBuildFile; fileRef = 219990882E4E8A4C0017C701 /* SWToolbarHostDebugInspector.swift */; };
		2199908A2E4E8A4C0017C701 /* StopwatchToolbar.swift in Sources */ = {isa = PBXBuildFile; fileRef = 219990872E4E8A4C0017C701 /* StopwatchToolbar.swift */; };
		21A367CA2E072C4D00A536DC /* StopwatchNavigationSplitView.swift in Sources */ = {isa = PBXBuildFile; fileRef = 21A367C92E072C4800A536DC /* StopwatchNavigationSplitView.swift */; };
		21B7A02C2E00EC6E006FEB2B /* StopwatchAnimationLibrary.swift in Sources */ = {isa = PBXBuildFile; fileRef = 21B7A02B2E00EC6A006FEB2B /* StopwatchAnimationLibrary.swift */; };
		21B7A02E2E00ED0A006FEB2B /* StopwatchTabView.swift in Sources */ = {isa = PBXBuildFile; fileRef = 21B7A02D2E00ED08006FEB2B /* StopwatchTabView.swift */; };
		21BA737D2E23339C00943268 /* StopwatchList.swift in Sources */ = {isa = PBXBuildFile; fileRef = 21BA737C2E23339C00943268 /* StopwatchList.swift */; };
		21D332A72E00625E00E8A041 /* StopwatchFont.swift in Sources */ = {isa = PBXBuildFile; fileRef = 21D332A62E00625700E8A041 /* StopwatchFont.swift */; };
		21E704792E25471900D963E0 /* StopwatchNavigationLink.swift in Sources */ = {isa = PBXBuildFile; fileRef = 21E704782E25471900D963E0 /* StopwatchNavigationLink.swift */; };
		21F8EF682E01018E0079C2C0 /* StopwatchAccessoryWindowSupport.swift in Sources */ = {isa = PBXBuildFile; fileRef = 21F8EF672E01018A0079C2C0 /* StopwatchAccessoryWindowSupport.swift */; };
		21F8EF6A2E01053E0079C2C0 /* StopwatchAccessoryWindow.swift in Sources */ = {isa = PBXBuildFile; fileRef = 21F8EF692E0105340079C2C0 /* StopwatchAccessoryWindow.swift */; };
/* End PBXBuildFile section */

/* Begin PBXFileReference section */
		215B14D42E0049BB00DD5C3F /* StopwatchOnMac.framework */ = {isa = PBXFileReference; explicitFileType = wrapper.framework; includeInIndex = 0; path = StopwatchOnMac.framework; sourceTree = BUILT_PRODUCTS_DIR; };
		215B14E82E004A0B00DD5C3F /* StopwatchOnMac.xcodeproj */ = {isa = PBXFileReference; lastKnownFileType = "wrapper.pb-project"; path = StopwatchOnMac.xcodeproj; sourceTree = SOURCE_ROOT; };
		215B14EB2E004A1100DD5C3F /* StopwatchOnMac.swift */ = {isa = PBXFileReference; lastKnownFileType = sourcecode.swift; path = StopwatchOnMac.swift; sourceTree = "<group>"; };
		215B14F12E00558200DD5C3F /* StopwatchWindowSupport.swift */ = {isa = PBXFileReference; lastKnownFileType = sourcecode.swift; path = StopwatchWindowSupport.swift; sourceTree = "<group>"; };
		215B14F42E005E7C00DD5C3F /* StopwatchButton.swift */ = {isa = PBXFileReference; lastKnownFileType = sourcecode.swift; path = StopwatchButton.swift; sourceTree = "<group>"; };
		215B7FB82E00D52100BB5579 /* StopwatchHoverTarget.swift */ = {isa = PBXFileReference; lastKnownFileType = sourcecode.swift; path = StopwatchHoverTarget.swift; sourceTree = "<group>"; };
		216A280B2E21480C0096D312 /* StopwatchTextField.swift */ = {isa = PBXFileReference; lastKnownFileType = sourcecode.swift; path = StopwatchTextField.swift; sourceTree = "<group>"; };
		217DB6302E00FDCE0013FBEB /* SWTabViewStrip.swift */ = {isa = PBXFileReference; lastKnownFileType = sourcecode.swift; path = SWTabViewStrip.swift; sourceTree = "<group>"; };
		217DB6322E00FDE50013FBEB /* StopwatchTab.swift */ = {isa = PBXFileReference; lastKnownFileType = sourcecode.swift; path = StopwatchTab.swift; sourceTree = "<group>"; };
		2183FE032E006072001C1D9D /* StopwatchAdaptiveCursor.swift */ = {isa = PBXFileReference; lastKnownFileType = sourcecode.swift; path = StopwatchAdaptiveCursor.swift; sourceTree = "<group>"; };
		219990872E4E8A4C0017C701 /* StopwatchToolbar.swift */ = {isa = PBXFileReference; lastKnownFileType = sourcecode.swift; path = StopwatchToolbar.swift; sourceTree = "<group>"; };
		219990882E4E8A4C0017C701 /* SWToolbarHostDebugInspector.swift */ = {isa = PBXFileReference; lastKnownFileType = sourcecode.swift; path = SWToolbarHostDebugInspector.swift; sourceTree = "<group>"; };
		21A367C92E072C4800A536DC /* StopwatchNavigationSplitView.swift */ = {isa = PBXFileReference; lastKnownFileType = sourcecode.swift; path = StopwatchNavigationSplitView.swift; sourceTree = "<group>"; };
		21B7A02B2E00EC6A006FEB2B /* StopwatchAnimationLibrary.swift */ = {isa = PBXFileReference; lastKnownFileType = sourcecode.swift; path = StopwatchAnimationLibrary.swift; sourceTree = "<group>"; };
		21B7A02D2E00ED08006FEB2B /* StopwatchTabView.swift */ = {isa = PBXFileReference; lastKnownFileType = sourcecode.swift; path = StopwatchTabView.swift; sourceTree = "<group>"; };
		21BA737C2E23339C00943268 /* StopwatchList.swift */ = {isa = PBXFileReference; lastKnownFileType = sourcecode.swift; path = StopwatchList.swift; sourceTree = "<group>"; };
		21D332A62E00625700E8A041 /* StopwatchFont.swift */ = {isa = PBXFileReference; lastKnownFileType = sourcecode.swift; path = StopwatchFont.swift; sourceTree = "<group>"; };
		21E704782E25471900D963E0 /* StopwatchNavigationLink.swift */ = {isa = PBXFileReference; lastKnownFileType = sourcecode.swift; path = StopwatchNavigationLink.swift; sourceTree = "<group>"; };
		21F8EF672E01018A0079C2C0 /* StopwatchAccessoryWindowSupport.swift */ = {isa = PBXFileReference; lastKnownFileType = sourcecode.swift; path = StopwatchAccessoryWindowSupport.swift; sourceTree = "<group>"; };
		21F8EF692E0105340079C2C0 /* StopwatchAccessoryWindow.swift */ = {isa = PBXFileReference; lastKnownFileType = sourcecode.swift; path = StopwatchAccessoryWindow.swift; sourceTree = "<group>"; };
/* End PBXFileReference section */

/* Begin PBXFrameworksBuildPhase section */
		215B14D12E0049BB00DD5C3F /* Frameworks */ = {
			isa = PBXFrameworksBuildPhase;
			buildActionMask = 2147483647;
			files = (
			);
			runOnlyForDeploymentPostprocessing = 0;
		};
/* End PBXFrameworksBuildPhase section */

/* Begin PBXGroup section */
		215B14CA2E0049BB00DD5C3F = {
			isa = PBXGroup;
			children = (
				215B14E82E004A0B00DD5C3F /* StopwatchOnMac.xcodeproj */,
				215B14EC2E004A1100DD5C3F /* StopwatchOnMac */,
				215B14D52E0049BB00DD5C3F /* Products */,
			);
			sourceTree = "<group>";
		};
		215B14D52E0049BB00DD5C3F /* Products */ = {
			isa = PBXGroup;
			children = (
				215B14D42E0049BB00DD5C3F /* StopwatchOnMac.framework */,
			);
			name = Products;
			sourceTree = "<group>";
		};
		215B14EC2E004A1100DD5C3F /* StopwatchOnMac */ = {
			isa = PBXGroup;
			children = (
				2183FE022E006069001C1D9D /* Behaviors */,
				215B14F62E005E8900DD5C3F /* Controls */,
				21B7A0282E00EC34006FEB2B /* Backend */,
				215B14EB2E004A1100DD5C3F /* StopwatchOnMac.swift */,
			);
			path = StopwatchOnMac;
			sourceTree = "<group>";
		};
		215B14F62E005E8900DD5C3F /* Controls */ = {
			isa = PBXGroup;
			children = (
				219990862E4E8A460017C701 /* StopwatchToolbar */,
				217DB62F2E00FDBF0013FBEB /* StopwatchTab */,
				21E7047A2E25472100D963E0 /* StopwatchNavigation */,
				21BA737C2E23339C00943268 /* StopwatchList.swift */,
				215B14F42E005E7C00DD5C3F /* StopwatchButton.swift */,
				216A280B2E21480C0096D312 /* StopwatchTextField.swift */,
			);
			path = Controls;
			sourceTree = "<group>";
		};
		217DB62F2E00FDBF0013FBEB /* StopwatchTab */ = {
			isa = PBXGroup;
			children = (
				217DB6322E00FDE50013FBEB /* StopwatchTab.swift */,
				21B7A02D2E00ED08006FEB2B /* StopwatchTabView.swift */,
				217DB6302E00FDCE0013FBEB /* SWTabViewStrip.swift */,
			);
			path = StopwatchTab;
			sourceTree = "<group>";
		};
		2183FDFF2E005F29001C1D9D /* Products */ = {
			isa = PBXGroup;
			name = Products;
			sourceTree = "<group>";
		};
		2183FE022E006069001C1D9D /* Behaviors */ = {
			isa = PBXGroup;
			children = (
				215B7FB82E00D52100BB5579 /* StopwatchHoverTarget.swift */,
				2183FE032E006072001C1D9D /* StopwatchAdaptiveCursor.swift */,
			);
			path = Behaviors;
			sourceTree = "<group>";
		};
		219990862E4E8A460017C701 /* StopwatchToolbar */ = {
			isa = PBXGroup;
			children = (
				219990872E4E8A4C0017C701 /* StopwatchToolbar.swift */,
				219990882E4E8A4C0017C701 /* SWToolbarHostDebugInspector.swift */,
			);
			path = StopwatchToolbar;
			sourceTree = "<group>";
		};
		21B7A0282E00EC34006FEB2B /* Backend */ = {
			isa = PBXGroup;
			children = (
				21F8EF662E0101830079C2C0 /* Windows */,
				21B7A02B2E00EC6A006FEB2B /* StopwatchAnimationLibrary.swift */,
				21D332A62E00625700E8A041 /* StopwatchFont.swift */,
			);
			path = Backend;
			sourceTree = "<group>";
		};
		21E7047A2E25472100D963E0 /* StopwatchNavigation */ = {
			isa = PBXGroup;
			children = (
				21A367C92E072C4800A536DC /* StopwatchNavigationSplitView.swift */,
				21E704782E25471900D963E0 /* StopwatchNavigationLink.swift */,
			);
			path = StopwatchNavigation;
			sourceTree = "<group>";
		};
		21F8EF662E0101830079C2C0 /* Windows */ = {
			isa = PBXGroup;
			children = (
				21F8EF692E0105340079C2C0 /* StopwatchAccessoryWindow.swift */,
				21F8EF672E01018A0079C2C0 /* StopwatchAccessoryWindowSupport.swift */,
				215B14F12E00558200DD5C3F /* StopwatchWindowSupport.swift */,
			);
			path = Windows;
			sourceTree = "<group>";
		};
/* End PBXGroup section */

/* Begin PBXHeadersBuildPhase section */
		215B14CF2E0049BB00DD5C3F /* Headers */ = {
			isa = PBXHeadersBuildPhase;
			buildActionMask = 2147483647;
			files = (
			);
			runOnlyForDeploymentPostprocessing = 0;
		};
/* End PBXHeadersBuildPhase section */

/* Begin PBXNativeTarget section */
		215B14D32E0049BB00DD5C3F /* StopwatchOnMac */ = {
			isa = PBXNativeTarget;
			buildConfigurationList = 215B14DB2E0049BB00DD5C3F /* Build configuration list for PBXNativeTarget "StopwatchOnMac" */;
			buildPhases = (
				215B14CF2E0049BB00DD5C3F /* Headers */,
				215B14D02E0049BB00DD5C3F /* Sources */,
				215B14D12E0049BB00DD5C3F /* Frameworks */,
				215B14D22E0049BB00DD5C3F /* Resources */,
			);
			buildRules = (
			);
			dependencies = (
			);
			name = StopwatchOnMac;
			packageProductDependencies = (
			);
			productName = StopwatchOnMac;
			productReference = 215B14D42E0049BB00DD5C3F /* StopwatchOnMac.framework */;
			productType = "com.apple.product-type.framework";
		};
/* End PBXNativeTarget section */

/* Begin PBXProject section */
		215B14CB2E0049BB00DD5C3F /* Project object */ = {
			isa = PBXProject;
			attributes = {
				BuildIndependentTargetsInParallel = 1;
				LastSwiftUpdateCheck = 2600;
				LastUpgradeCheck = 2600;
				TargetAttributes = {
					215B14D32E0049BB00DD5C3F = {
						CreatedOnToolsVersion = 26.0;
					};
				};
			};
			buildConfigurationList = 215B14CE2E0049BB00DD5C3F /* Build configuration list for PBXProject "StopwatchOnMac" */;
			developmentRegion = en;
			hasScannedForEncodings = 0;
			knownRegions = (
				en,
				Base,
			);
			mainGroup = 215B14CA2E0049BB00DD5C3F;
			minimizedProjectReferenceProxies = 1;
			preferredProjectObjectVersion = 77;
			productRefGroup = 215B14D52E0049BB00DD5C3F /* Products */;
			projectDirPath = "";
			projectReferences = (
				{
					ProductGroup = 2183FDFF2E005F29001C1D9D /* Products */;
					ProjectRef = 215B14E82E004A0B00DD5C3F /* StopwatchOnMac.xcodeproj */;
				},
			);
			projectRoot = "";
			targets = (
				215B14D32E0049BB00DD5C3F /* StopwatchOnMac */,
			);
		};
/* End PBXProject section */

/* Begin PBXResourcesBuildPhase section */
		215B14D22E0049BB00DD5C3F /* Resources */ = {
			isa = PBXResourcesBuildPhase;
			buildActionMask = 2147483647;
			files = (
			);
			runOnlyForDeploymentPostprocessing = 0;
		};
/* End PBXResourcesBuildPhase section */

/* Begin PBXSourcesBuildPhase section */
		215B14D02E0049BB00DD5C3F /* Sources */ = {
			isa = PBXSourcesBuildPhase;
			buildActionMask = 2147483647;
			files = (
				21B7A02E2E00ED0A006FEB2B /* StopwatchTabView.swift in Sources */,
				21F8EF682E01018E0079C2C0 /* StopwatchAccessoryWindowSupport.swift in Sources */,
				216A280C2E2148140096D312 /* StopwatchTextField.swift in Sources */,
				217DB6332E00FDE50013FBEB /* StopwatchTab.swift in Sources */,
				21B7A02C2E00EC6E006FEB2B /* StopwatchAnimationLibrary.swift in Sources */,
				215B14ED2E004A1100DD5C3F /* StopwatchOnMac.swift in Sources */,
				21BA737D2E23339C00943268 /* StopwatchList.swift in Sources */,
				217DB6312E00FDCE0013FBEB /* SWTabViewStrip.swift in Sources */,
				21F8EF6A2E01053E0079C2C0 /* StopwatchAccessoryWindow.swift in Sources */,
				215B7FB92E00D54900BB5579 /* StopwatchHoverTarget.swift in Sources */,
				21A367CA2E072C4D00A536DC /* StopwatchNavigationSplitView.swift in Sources */,
				2183FE042E00607D001C1D9D /* StopwatchAdaptiveCursor.swift in Sources */,
				21E704792E25471900D963E0 /* StopwatchNavigationLink.swift in Sources */,
				219990892E4E8A4C0017C701 /* SWToolbarHostDebugInspector.swift in Sources */,
				2199908A2E4E8A4C0017C701 /* StopwatchToolbar.swift in Sources */,
				215B14F22E00558200DD5C3F /* StopwatchWindowSupport.swift in Sources */,
				215B14F52E005E8500DD5C3F /* StopwatchButton.swift in Sources */,
				21D332A72E00625E00E8A041 /* StopwatchFont.swift in Sources */,
			);
			runOnlyForDeploymentPostprocessing = 0;
		};
/* End PBXSourcesBuildPhase section */

/* Begin XCBuildConfiguration section */
		215B14D92E0049BB00DD5C3F /* Debug */ = {
			isa = XCBuildConfiguration;
			buildSettings = {
				ALWAYS_SEARCH_USER_PATHS = NO;
				ASSETCATALOG_COMPILER_GENERATE_SWIFT_ASSET_SYMBOL_EXTENSIONS = YES;
				CLANG_ANALYZER_NONNULL = YES;
				CLANG_ANALYZER_NUMBER_OBJECT_CONVERSION = YES_AGGRESSIVE;
				CLANG_CXX_LANGUAGE_STANDARD = "gnu++20";
				CLANG_ENABLE_MODULES = YES;
				CLANG_ENABLE_OBJC_ARC = YES;
				CLANG_ENABLE_OBJC_WEAK = YES;
				CLANG_WARN_BLOCK_CAPTURE_AUTORELEASING = YES;
				CLANG_WARN_BOOL_CONVERSION = YES;
				CLANG_WARN_COMMA = YES;
				CLANG_WARN_CONSTANT_CONVERSION = YES;
				CLANG_WARN_DEPRECATED_OBJC_IMPLEMENTATIONS = YES;
				CLANG_WARN_DIRECT_OBJC_ISA_USAGE = YES_ERROR;
				CLANG_WARN_DOCUMENTATION_COMMENTS = YES;
				CLANG_WARN_EMPTY_BODY = YES;
				CLANG_WARN_ENUM_CONVERSION = YES;
				CLANG_WARN_INFINITE_RECURSION = YES;
				CLANG_WARN_INT_CONVERSION = YES;
				CLANG_WARN_NON_LITERAL_NULL_CONVERSION = YES;
				CLANG_WARN_OBJC_IMPLICIT_RETAIN_SELF = YES;
				CLANG_WARN_OBJC_LITERAL_CONVERSION = YES;
				CLANG_WARN_OBJC_ROOT_CLASS = YES_ERROR;
				CLANG_WARN_QUOTED_INCLUDE_IN_FRAMEWORK_HEADER = YES;
				CLANG_WARN_RANGE_LOOP_ANALYSIS = YES;
				CLANG_WARN_STRICT_PROTOTYPES = YES;
				CLANG_WARN_SUSPICIOUS_MOVE = YES;
				CLANG_WARN_UNGUARDED_AVAILABILITY = YES_AGGRESSIVE;
				CLANG_WARN_UNREACHABLE_CODE = YES;
				CLANG_WARN__DUPLICATE_METHOD_MATCH = YES;
				COPY_PHASE_STRIP = NO;
				CURRENT_PROJECT_VERSION = 1;
				DEBUG_INFORMATION_FORMAT = dwarf;
				DEVELOPMENT_TEAM = W7TTKAZX72;
				ENABLE_STRICT_OBJC_MSGSEND = YES;
				ENABLE_TESTABILITY = YES;
				ENABLE_USER_SCRIPT_SANDBOXING = YES;
				GCC_C_LANGUAGE_STANDARD = gnu17;
				GCC_DYNAMIC_NO_PIC = NO;
				GCC_NO_COMMON_BLOCKS = YES;
				GCC_OPTIMIZATION_LEVEL = 0;
				GCC_PREPROCESSOR_DEFINITIONS = (
					"DEBUG=1",
					"$(inherited)",
				);
				GCC_WARN_64_TO_32_BIT_CONVERSION = YES;
				GCC_WARN_ABOUT_RETURN_TYPE = YES_ERROR;
				GCC_WARN_UNDECLARED_SELECTOR = YES;
				GCC_WARN_UNINITIALIZED_AUTOS = YES_AGGRESSIVE;
				GCC_WARN_UNUSED_FUNCTION = YES;
				GCC_WARN_UNUSED_VARIABLE = YES;
				LOCALIZATION_PREFERS_STRING_CATALOGS = YES;
				MACOSX_DEPLOYMENT_TARGET = 26.0;
				MTL_ENABLE_DEBUG_INFO = INCLUDE_SOURCE;
				MTL_FAST_MATH = YES;
				ONLY_ACTIVE_ARCH = YES;
				SDKROOT = macosx;
				SWIFT_ACTIVE_COMPILATION_CONDITIONS = "DEBUG $(inherited)";
				SWIFT_OPTIMIZATION_LEVEL = "-Onone";
				VERSIONING_SYSTEM = "apple-generic";
				VERSION_INFO_PREFIX = "";
			};
			name = Debug;
		};
		215B14DA2E0049BB00DD5C3F /* Release */ = {
			isa = XCBuildConfiguration;
			buildSettings = {
				ALWAYS_SEARCH_USER_PATHS = NO;
				ASSETCATALOG_COMPILER_GENERATE_SWIFT_ASSET_SYMBOL_EXTENSIONS = YES;
				CLANG_ANALYZER_NONNULL = YES;
				CLANG_ANALYZER_NUMBER_OBJECT_CONVERSION = YES_AGGRESSIVE;
				CLANG_CXX_LANGUAGE_STANDARD = "gnu++20";
				CLANG_ENABLE_MODULES = YES;
				CLANG_ENABLE_OBJC_ARC = YES;
				CLANG_ENABLE_OBJC_WEAK = YES;
				CLANG_WARN_BLOCK_CAPTURE_AUTORELEASING = YES;
				CLANG_WARN_BOOL_CONVERSION = YES;
				CLANG_WARN_COMMA = YES;
				CLANG_WARN_CONSTANT_CONVERSION = YES;
				CLANG_WARN_DEPRECATED_OBJC_IMPLEMENTATIONS = YES;
				CLANG_WARN_DIRECT_OBJC_ISA_USAGE = YES_ERROR;
				CLANG_WARN_DOCUMENTATION_COMMENTS = YES;
				CLANG_WARN_EMPTY_BODY = YES;
				CLANG_WARN_ENUM_CONVERSION = YES;
				CLANG_WARN_INFINITE_RECURSION = YES;
				CLANG_WARN_INT_CONVERSION = YES;
				CLANG_WARN_NON_LITERAL_NULL_CONVERSION = YES;
				CLANG_WARN_OBJC_IMPLICIT_RETAIN_SELF = YES;
				CLANG_WARN_OBJC_LITERAL_CONVERSION = YES;
				CLANG_WARN_OBJC_ROOT_CLASS = YES_ERROR;
				CLANG_WARN_QUOTED_INCLUDE_IN_FRAMEWORK_HEADER = YES;
				CLANG_WARN_RANGE_LOOP_ANALYSIS = YES;
				CLANG_WARN_STRICT_PROTOTYPES = YES;
				CLANG_WARN_SUSPICIOUS_MOVE = YES;
				CLANG_WARN_UNGUARDED_AVAILABILITY = YES_AGGRESSIVE;
				CLANG_WARN_UNREACHABLE_CODE = YES;
				CLANG_WARN__DUPLICATE_METHOD_MATCH = YES;
				COPY_PHASE_STRIP = NO;
				CURRENT_PROJECT_VERSION = 1;
				DEBUG_INFORMATION_FORMAT = "dwarf-with-dsym";
				DEVELOPMENT_TEAM = W7TTKAZX72;
				ENABLE_NS_ASSERTIONS = NO;
				ENABLE_STRICT_OBJC_MSGSEND = YES;
				ENABLE_USER_SCRIPT_SANDBOXING = YES;
				GCC_C_LANGUAGE_STANDARD = gnu17;
				GCC_NO_COMMON_BLOCKS = YES;
				GCC_WARN_64_TO_32_BIT_CONVERSION = YES;
				GCC_WARN_ABOUT_RETURN_TYPE = YES_ERROR;
				GCC_WARN_UNDECLARED_SELECTOR = YES;
				GCC_WARN_UNINITIALIZED_AUTOS = YES_AGGRESSIVE;
				GCC_WARN_UNUSED_FUNCTION = YES;
				GCC_WARN_UNUSED_VARIABLE = YES;
				LOCALIZATION_PREFERS_STRING_CATALOGS = YES;
				MACOSX_DEPLOYMENT_TARGET = 26.0;
				MTL_ENABLE_DEBUG_INFO = NO;
				MTL_FAST_MATH = YES;
				SDKROOT = macosx;
				SWIFT_COMPILATION_MODE = wholemodule;
				VERSIONING_SYSTEM = "apple-generic";
				VERSION_INFO_PREFIX = "";
			};
			name = Release;
		};
		215B14DC2E0049BB00DD5C3F /* Debug */ = {
			isa = XCBuildConfiguration;
			buildSettings = {
				BUILD_LIBRARY_FOR_DISTRIBUTION = YES;
				CODE_SIGN_STYLE = Automatic;
				COMBINE_HIDPI_IMAGES = YES;
				COMPILATION_CACHE_ENABLE_CACHING = YES;
				CURRENT_PROJECT_VERSION = 1;
				DEVELOPMENT_TEAM = W7TTKAZX72;
				DYLIB_COMPATIBILITY_VERSION = 1;
				DYLIB_CURRENT_VERSION = 1;
				DYLIB_INSTALL_NAME_BASE = "@rpath";
				ENABLE_MODULE_VERIFIER = YES;
				GENERATE_INFOPLIST_FILE = YES;
				INFOPLIST_KEY_NSHumanReadableCopyright = "";
				INSTALL_PATH = "$(LOCAL_LIBRARY_DIR)/Frameworks";
				LD_RUNPATH_SEARCH_PATHS = (
					"$(inherited)",
					"@executable_path/../Frameworks",
					"@loader_path/Frameworks",
				);
				MACOSX_DEPLOYMENT_TARGET = 15.0;
				MARKETING_VERSION = 1.0;
				MODULE_VERIFIER_SUPPORTED_LANGUAGES = "objective-c objective-c++";
				MODULE_VERIFIER_SUPPORTED_LANGUAGE_STANDARDS = "gnu17 gnu++20";
				PRODUCT_BUNDLE_IDENTIFIER = xezrunner.StopwatchOnMac;
				PRODUCT_NAME = "$(TARGET_NAME:c99extidentifier)";
				SKIP_INSTALL = YES;
				STRING_CATALOG_GENERATE_SYMBOLS = YES;
				SWIFT_EMIT_LOC_STRINGS = YES;
				SWIFT_INSTALL_MODULE = YES;
				SWIFT_INSTALL_OBJC_HEADER = NO;
				SWIFT_UPCOMING_FEATURE_MEMBER_IMPORT_VISIBILITY = YES;
				SWIFT_VERSION = 5.0;
			};
			name = Debug;
		};
		215B14DD2E0049BB00DD5C3F /* Release */ = {
			isa = XCBuildConfiguration;
			buildSettings = {
				BUILD_LIBRARY_FOR_DISTRIBUTION = YES;
				CODE_SIGN_STYLE = Automatic;
				COMBINE_HIDPI_IMAGES = YES;
				COMPILATION_CACHE_ENABLE_CACHING = YES;
				CURRENT_PROJECT_VERSION = 1;
				DEVELOPMENT_TEAM = W7TTKAZX72;
				DYLIB_COMPATIBILITY_VERSION = 1;
				DYLIB_CURRENT_VERSION = 1;
				DYLIB_INSTALL_NAME_BASE = "@rpath";
				ENABLE_MODULE_VERIFIER = YES;
				GENERATE_INFOPLIST_FILE = YES;
				INFOPLIST_KEY_NSHumanReadableCopyright = "";
				INSTALL_PATH = "$(LOCAL_LIBRARY_DIR)/Frameworks";
				LD_RUNPATH_SEARCH_PATHS = (
					"$(inherited)",
					"@executable_path/../Frameworks",
					"@loader_path/Frameworks",
				);
				MACOSX_DEPLOYMENT_TARGET = 15.0;
				MARKETING_VERSION = 1.0;
				MODULE_VERIFIER_SUPPORTED_LANGUAGES = "objective-c objective-c++";
				MODULE_VERIFIER_SUPPORTED_LANGUAGE_STANDARDS = "gnu17 gnu++20";
				PRODUCT_BUNDLE_IDENTIFIER = xezrunner.StopwatchOnMac;
				PRODUCT_NAME = "$(TARGET_NAME:c99extidentifier)";
				SKIP_INSTALL = YES;
				STRING_CATALOG_GENERATE_SYMBOLS = YES;
				SWIFT_EMIT_LOC_STRINGS = YES;
				SWIFT_INSTALL_MODULE = YES;
				SWIFT_INSTALL_OBJC_HEADER = NO;
				SWIFT_UPCOMING_FEATURE_MEMBER_IMPORT_VISIBILITY = YES;
				SWIFT_VERSION = 5.0;
			};
			name = Release;
		};
/* End XCBuildConfiguration section */

/* Begin XCConfigurationList section */
		215B14CE2E0049BB00DD5C3F /* Build configuration list for PBXProject "StopwatchOnMac" */ = {
			isa = XCConfigurationList;
			buildConfigurations = (
				215B14D92E0049BB00DD5C3F /* Debug */,
				215B14DA2E0049BB00DD5C3F /* Release */,
			);
			defaultConfigurationIsVisible = 0;
			defaultConfigurationName = Release;
		};
		215B14DB2E0049BB00DD5C3F /* Build configuration list for PBXNativeTarget "StopwatchOnMac" */ = {
			isa = XCConfigurationList;
			buildConfigurations = (
				215B14DC2E0049BB00DD5C3F /* Debug */,
				215B14DD2E0049BB00DD5C3F /* Release */,
			);
			defaultConfigurationIsVisible = 0;
			defaultConfigurationName = Release;
		};
/* End XCConfigurationList section */
	};
	rootObject = 215B14CB2E0049BB00DD5C3F /* Project object */;
}
